
Microsoft Visual Studio Solution File, Format Version 12.00
# Visual Studio 15
VisualStudioVersion = 15.0.26124.0
MinimumVisualStudioVersion = 15.0.26124.0
Project("{2150E333-8FDC-42A3-9474-1A3956D46DE8}") = "src", "src", "{ABFD81BE-CC64-452E-A565-4CBBA5DFE2B9}"
EndProject
Project("{2150E333-8FDC-42A3-9474-1A3956D46DE8}") = "catalog", "catalog", "{48234D6A-3EB3-4EDB-9811-EC1750BB8A6D}"
EndProject
Project("{FAE04EC0-301F-11D3-BF4B-00C04F79EFBC}") = "Catalog.API", "src\catalog\Catalog.API\Catalog.API.csproj", "{F6632237-822E-4F43-9B8F-33542F28EDF8}"
EndProject
Project("{2150E333-8FDC-42A3-9474-1A3956D46DE8}") = "Basket", "Basket", "{CA82F1BA-6095-4F74-8208-E024266781D9}"
EndProject
Project("{FAE04EC0-301F-11D3-BF4B-00C04F79EFBC}") = "Basket.API", "src\Basket\Basket.API\Basket.API.csproj", "{B3C2DE04-72D7-4E94-ADFF-41DB52718A93}"
EndProject
Project("{2150E333-8FDC-42A3-9474-1A3956D46DE8}") = "shared", "shared", "{94E9998F-68BE-4012-9724-0DEFD656DA05}"
EndProject
Project("{FAE04EC0-301F-11D3-BF4B-00C04F79EFBC}") = "EventBusRabbitMQ", "src\shared\EventBusRabbitMQ\EventBusRabbitMQ.csproj", "{7C91AB5C-F791-4B5D-AA30-D0E703BAACAE}"
EndProject
Project("{2150E333-8FDC-42A3-9474-1A3956D46DE8}") = "ordering", "ordering", "{9151E3C1-C101-4727-87EC-78FC0E7A5738}"
EndProject
Project("{FAE04EC0-301F-11D3-BF4B-00C04F79EFBC}") = "Ordering.API", "src\ordering\Ordering.API\Ordering.API.csproj", "{DCC74B07-57A5-49AC-B7C2-D8EDDD6392EF}"
EndProject
Project("{FAE04EC0-301F-11D3-BF4B-00C04F79EFBC}") = "Ordering.CORE", "src\ordering\Ordering.CORE\Ordering.CORE.csproj", "{D10D0B9F-ACD2-4970-8679-272B476A4522}"
EndProject
Project("{FAE04EC0-301F-11D3-BF4B-00C04F79EFBC}") = "Ordering.INFRASTRUCTURE", "src\ordering\Ordering.INFRASTRUCTURE\Ordering.INFRASTRUCTURE.csproj", "{36AE9B55-E23B-430E-9B74-359FCE193F2F}"
EndProject
Project("{FAE04EC0-301F-11D3-BF4B-00C04F79EFBC}") = "Ordering.APPLICATION", "src\ordering\Ordering.APPLICATION\Ordering.APPLICATION.csproj", "{615693EB-CC80-4492-9712-43AFDFAD4063}"
EndProject
Global
	GlobalSection(SolutionConfigurationPlatforms) = preSolution
		Debug|Any CPU = Debug|Any CPU
		Debug|x64 = Debug|x64
		Debug|x86 = Debug|x86
		Release|Any CPU = Release|Any CPU
		Release|x64 = Release|x64
		Release|x86 = Release|x86
	EndGlobalSection
	GlobalSection(SolutionProperties) = preSolution
		HideSolutionNode = FALSE
	EndGlobalSection
	GlobalSection(ProjectConfigurationPlatforms) = postSolution
		{F6632237-822E-4F43-9B8F-33542F28EDF8}.Debug|Any CPU.ActiveCfg = Debug|Any CPU
		{F6632237-822E-4F43-9B8F-33542F28EDF8}.Debug|Any CPU.Build.0 = Debug|Any CPU
		{F6632237-822E-4F43-9B8F-33542F28EDF8}.Debug|x64.ActiveCfg = Debug|Any CPU
		{F6632237-822E-4F43-9B8F-33542F28EDF8}.Debug|x64.Build.0 = Debug|Any CPU
		{F6632237-822E-4F43-9B8F-33542F28EDF8}.Debug|x86.ActiveCfg = Debug|Any CPU
		{F6632237-822E-4F43-9B8F-33542F28EDF8}.Debug|x86.Build.0 = Debug|Any CPU
		{F6632237-822E-4F43-9B8F-33542F28EDF8}.Release|Any CPU.ActiveCfg = Release|Any CPU
		{F6632237-822E-4F43-9B8F-33542F28EDF8}.Release|Any CPU.Build.0 = Release|Any CPU
		{F6632237-822E-4F43-9B8F-33542F28EDF8}.Release|x64.ActiveCfg = Release|Any CPU
		{F6632237-822E-4F43-9B8F-33542F28EDF8}.Release|x64.Build.0 = Release|Any CPU
		{F6632237-822E-4F43-9B8F-33542F28EDF8}.Release|x86.ActiveCfg = Release|Any CPU
		{F6632237-822E-4F43-9B8F-33542F28EDF8}.Release|x86.Build.0 = Release|Any CPU
		{B3C2DE04-72D7-4E94-ADFF-41DB52718A93}.Debug|Any CPU.ActiveCfg = Debug|Any CPU
		{B3C2DE04-72D7-4E94-ADFF-41DB52718A93}.Debug|Any CPU.Build.0 = Debug|Any CPU
		{B3C2DE04-72D7-4E94-ADFF-41DB52718A93}.Debug|x64.ActiveCfg = Debug|Any CPU
		{B3C2DE04-72D7-4E94-ADFF-41DB52718A93}.Debug|x64.Build.0 = Debug|Any CPU
		{B3C2DE04-72D7-4E94-ADFF-41DB52718A93}.Debug|x86.ActiveCfg = Debug|Any CPU
		{B3C2DE04-72D7-4E94-ADFF-41DB52718A93}.Debug|x86.Build.0 = Debug|Any CPU
		{B3C2DE04-72D7-4E94-ADFF-41DB52718A93}.Release|Any CPU.ActiveCfg = Release|Any CPU
		{B3C2DE04-72D7-4E94-ADFF-41DB52718A93}.Release|Any CPU.Build.0 = Release|Any CPU
		{B3C2DE04-72D7-4E94-ADFF-41DB52718A93}.Release|x64.ActiveCfg = Release|Any CPU
		{B3C2DE04-72D7-4E94-ADFF-41DB52718A93}.Release|x64.Build.0 = Release|Any CPU
		{B3C2DE04-72D7-4E94-ADFF-41DB52718A93}.Release|x86.ActiveCfg = Release|Any CPU
		{B3C2DE04-72D7-4E94-ADFF-41DB52718A93}.Release|x86.Build.0 = Release|Any CPU
		{7C91AB5C-F791-4B5D-AA30-D0E703BAACAE}.Debug|Any CPU.ActiveCfg = Debug|Any CPU
		{7C91AB5C-F791-4B5D-AA30-D0E703BAACAE}.Debug|Any CPU.Build.0 = Debug|Any CPU
		{7C91AB5C-F791-4B5D-AA30-D0E703BAACAE}.Debug|x64.ActiveCfg = Debug|Any CPU
		{7C91AB5C-F791-4B5D-AA30-D0E703BAACAE}.Debug|x64.Build.0 = Debug|Any CPU
		{7C91AB5C-F791-4B5D-AA30-D0E703BAACAE}.Debug|x86.ActiveCfg = Debug|Any CPU
		{7C91AB5C-F791-4B5D-AA30-D0E703BAACAE}.Debug|x86.Build.0 = Debug|Any CPU
		{7C91AB5C-F791-4B5D-AA30-D0E703BAACAE}.Release|Any CPU.ActiveCfg = Release|Any CPU
		{7C91AB5C-F791-4B5D-AA30-D0E703BAACAE}.Release|Any CPU.Build.0 = Release|Any CPU
		{7C91AB5C-F791-4B5D-AA30-D0E703BAACAE}.Release|x64.ActiveCfg = Release|Any CPU
		{7C91AB5C-F791-4B5D-AA30-D0E703BAACAE}.Release|x64.Build.0 = Release|Any CPU
		{7C91AB5C-F791-4B5D-AA30-D0E703BAACAE}.Release|x86.ActiveCfg = Release|Any CPU
		{7C91AB5C-F791-4B5D-AA30-D0E703BAACAE}.Release|x86.Build.0 = Release|Any CPU
		{DCC74B07-57A5-49AC-B7C2-D8EDDD6392EF}.Debug|Any CPU.ActiveCfg = Debug|Any CPU
		{DCC74B07-57A5-49AC-B7C2-D8EDDD6392EF}.Debug|Any CPU.Build.0 = Debug|Any CPU
		{DCC74B07-57A5-49AC-B7C2-D8EDDD6392EF}.Debug|x64.ActiveCfg = Debug|Any CPU
		{DCC74B07-57A5-49AC-B7C2-D8EDDD6392EF}.Debug|x64.Build.0 = Debug|Any CPU
		{DCC74B07-57A5-49AC-B7C2-D8EDDD6392EF}.Debug|x86.ActiveCfg = Debug|Any CPU
		{DCC74B07-57A5-49AC-B7C2-D8EDDD6392EF}.Debug|x86.Build.0 = Debug|Any CPU
		{DCC74B07-57A5-49AC-B7C2-D8EDDD6392EF}.Release|Any CPU.ActiveCfg = Release|Any CPU
		{DCC74B07-57A5-49AC-B7C2-D8EDDD6392EF}.Release|Any CPU.Build.0 = Release|Any CPU
		{DCC74B07-57A5-49AC-B7C2-D8EDDD6392EF}.Release|x64.ActiveCfg = Release|Any CPU
		{DCC74B07-57A5-49AC-B7C2-D8EDDD6392EF}.Release|x64.Build.0 = Release|Any CPU
		{DCC74B07-57A5-49AC-B7C2-D8EDDD6392EF}.Release|x86.ActiveCfg = Release|Any CPU
		{DCC74B07-57A5-49AC-B7C2-D8EDDD6392EF}.Release|x86.Build.0 = Release|Any CPU
		{D10D0B9F-ACD2-4970-8679-272B476A4522}.Debug|Any CPU.ActiveCfg = Debug|Any CPU
		{D10D0B9F-ACD2-4970-8679-272B476A4522}.Debug|Any CPU.Build.0 = Debug|Any CPU
		{D10D0B9F-ACD2-4970-8679-272B476A4522}.Debug|x64.ActiveCfg = Debug|Any CPU
		{D10D0B9F-ACD2-4970-8679-272B476A4522}.Debug|x64.Build.0 = Debug|Any CPU
		{D10D0B9F-ACD2-4970-8679-272B476A4522}.Debug|x86.ActiveCfg = Debug|Any CPU
		{D10D0B9F-ACD2-4970-8679-272B476A4522}.Debug|x86.Build.0 = Debug|Any CPU
		{D10D0B9F-ACD2-4970-8679-272B476A4522}.Release|Any CPU.ActiveCfg = Release|Any CPU
		{D10D0B9F-ACD2-4970-8679-272B476A4522}.Release|Any CPU.Build.0 = Release|Any CPU
		{D10D0B9F-ACD2-4970-8679-272B476A4522}.Release|x64.ActiveCfg = Release|Any CPU
		{D10D0B9F-ACD2-4970-8679-272B476A4522}.Release|x64.Build.0 = Release|Any CPU
		{D10D0B9F-ACD2-4970-8679-272B476A4522}.Release|x86.ActiveCfg = Release|Any CPU
		{D10D0B9F-ACD2-4970-8679-272B476A4522}.Release|x86.Build.0 = Release|Any CPU
		{36AE9B55-E23B-430E-9B74-359FCE193F2F}.Debug|Any CPU.ActiveCfg = Debug|Any CPU
		{36AE9B55-E23B-430E-9B74-359FCE193F2F}.Debug|Any CPU.Build.0 = Debug|Any CPU
		{36AE9B55-E23B-430E-9B74-359FCE193F2F}.Debug|x64.ActiveCfg = Debug|Any CPU
		{36AE9B55-E23B-430E-9B74-359FCE193F2F}.Debug|x64.Build.0 = Debug|Any CPU
		{36AE9B55-E23B-430E-9B74-359FCE193F2F}.Debug|x86.ActiveCfg = Debug|Any CPU
		{36AE9B55-E23B-430E-9B74-359FCE193F2F}.Debug|x86.Build.0 = Debug|Any CPU
		{36AE9B55-E23B-430E-9B74-359FCE193F2F}.Release|Any CPU.ActiveCfg = Release|Any CPU
		{36AE9B55-E23B-430E-9B74-359FCE193F2F}.Release|Any CPU.Build.0 = Release|Any CPU
		{36AE9B55-E23B-430E-9B74-359FCE193F2F}.Release|x64.ActiveCfg = Release|Any CPU
		{36AE9B55-E23B-430E-9B74-359FCE193F2F}.Release|x64.Build.0 = Release|Any CPU
		{36AE9B55-E23B-430E-9B74-359FCE193F2F}.Release|x86.ActiveCfg = Release|Any CPU
		{36AE9B55-E23B-430E-9B74-359FCE193F2F}.Release|x86.Build.0 = Release|Any CPU
		{615693EB-CC80-4492-9712-43AFDFAD4063}.Debug|Any CPU.ActiveCfg = Debug|Any CPU
		{615693EB-CC80-4492-9712-43AFDFAD4063}.Debug|Any CPU.Build.0 = Debug|Any CPU
		{615693EB-CC80-4492-9712-43AFDFAD4063}.Debug|x64.ActiveCfg = Debug|Any CPU
		{615693EB-CC80-4492-9712-43AFDFAD4063}.Debug|x64.Build.0 = Debug|Any CPU
		{615693EB-CC80-4492-9712-43AFDFAD4063}.Debug|x86.ActiveCfg = Debug|Any CPU
		{615693EB-CC80-4492-9712-43AFDFAD4063}.Debug|x86.Build.0 = Debug|Any CPU
		{615693EB-CC80-4492-9712-43AFDFAD4063}.Release|Any CPU.ActiveCfg = Release|Any CPU
		{615693EB-CC80-4492-9712-43AFDFAD4063}.Release|Any CPU.Build.0 = Release|Any CPU
		{615693EB-CC80-4492-9712-43AFDFAD4063}.Release|x64.ActiveCfg = Release|Any CPU
		{615693EB-CC80-4492-9712-43AFDFAD4063}.Release|x64.Build.0 = Release|Any CPU
		{615693EB-CC80-4492-9712-43AFDFAD4063}.Release|x86.ActiveCfg = Release|Any CPU
		{615693EB-CC80-4492-9712-43AFDFAD4063}.Release|x86.Build.0 = Release|Any CPU
	EndGlobalSection
	GlobalSection(NestedProjects) = preSolution
		{48234D6A-3EB3-4EDB-9811-EC1750BB8A6D} = {ABFD81BE-CC64-452E-A565-4CBBA5DFE2B9}
		{F6632237-822E-4F43-9B8F-33542F28EDF8} = {48234D6A-3EB3-4EDB-9811-EC1750BB8A6D}
		{CA82F1BA-6095-4F74-8208-E024266781D9} = {ABFD81BE-CC64-452E-A565-4CBBA5DFE2B9}
		{B3C2DE04-72D7-4E94-ADFF-41DB52718A93} = {CA82F1BA-6095-4F74-8208-E024266781D9}
		{94E9998F-68BE-4012-9724-0DEFD656DA05} = {ABFD81BE-CC64-452E-A565-4CBBA5DFE2B9}
		{7C91AB5C-F791-4B5D-AA30-D0E703BAACAE} = {94E9998F-68BE-4012-9724-0DEFD656DA05}
		{9151E3C1-C101-4727-87EC-78FC0E7A5738} = {ABFD81BE-CC64-452E-A565-4CBBA5DFE2B9}
		{DCC74B07-57A5-49AC-B7C2-D8EDDD6392EF} = {9151E3C1-C101-4727-87EC-78FC0E7A5738}
		{D10D0B9F-ACD2-4970-8679-272B476A4522} = {9151E3C1-C101-4727-87EC-78FC0E7A5738}
		{36AE9B55-E23B-430E-9B74-359FCE193F2F} = {9151E3C1-C101-4727-87EC-78FC0E7A5738}
		{615693EB-CC80-4492-9712-43AFDFAD4063} = {9151E3C1-C101-4727-87EC-78FC0E7A5738}
	EndGlobalSection
EndGlobal
